
Microsoft Visual Studio Solution File, Format Version 12.00
# Visual Studio Version 17
VisualStudioVersion = 17.0.32014.148
MinimumVisualStudioVersion = 10.0.40219.1
Project("{9A19103F-16F7-4668-BE54-9A1E7A4F7556}") = "AntiUAV.DeviceServer", "AntiUAV.DeviceServer\AntiUAV.DeviceServer.csproj", "{16892CE5-F962-48D7-85C0-EEB5C7402E99}"
EndProject
Project("{2150E333-8FDC-42A3-9474-1A3956D46DE8}") = "Plguin", "Plguin", "{0FF2E9A8-5FFD-4307-950A-C050ED4E64E6}"
EndProject
Project("{9A19103F-16F7-4668-BE54-9A1E7A4F7556}") = "AntiUAV.DeviceServer.Abstractions", "AntiUAV.DeviceServer.Abstractions\AntiUAV.DeviceServer.Abstractions.csproj", "{71B3F871-ED37-424B-B430-9F0E2E81534D}"
EndProject
Project("{9A19103F-16F7-4668-BE54-9A1E7A4F7556}") = "AntiUAV.Bussiness", "..\..\Bussiness\AntiUAV.Bussiness\AntiUAV.Bussiness.csproj", "{DEFB2FF5-EDCE-460E-AEAC-A809BA5C7E89}"
EndProject
Project("{9A19103F-16F7-4668-BE54-9A1E7A4F7556}") = "AntiUAV.DevicePlugin.ProbeR02", "AntiUAV.DeviceServer.Plugin\AntiUAV.DevicePlugin.ProbeR02\AntiUAV.DevicePlugin.ProbeR02.csproj", "{E1CDB9DC-B2E8-4EE7-9C22-79B04558250B}"
EndProject
Project("{9A19103F-16F7-4668-BE54-9A1E7A4F7556}") = "AntiUAV.DevicePlugin.ProbeR01", "AntiUAV.DeviceServer.Plugin\AntiUAV.DevicePlugin.ProbeR01\AntiUAV.DevicePlugin.ProbeR01.csproj", "{A01AB213-B9F7-49E6-9A51-57515E3080E7}"
EndProject
Project("{9A19103F-16F7-4668-BE54-9A1E7A4F7556}") = "AntiUAV.DevicePlugin.MonitorP11", "AntiUAV.DeviceServer.Plugin\AntiUAV.DevicePlugin.MonitorP11\AntiUAV.DevicePlugin.MonitorP11.csproj", "{7BC0EA3B-91A4-4BD2-961A-2E453FC4B9E8}"
EndProject
Project("{2150E333-8FDC-42A3-9474-1A3956D46DE8}") = "Data", "Data", "{BA52C0CB-1484-4DD5-8A5F-4AAD7BD36924}"
EndProject
Project("{9A19103F-16F7-4668-BE54-9A1E7A4F7556}") = "DbOrm.AntiUAV.Entity", "..\..\DataAccess\DbOrm.AntiUAV.Entity\DbOrm.AntiUAV.Entity.csproj", "{EC5709D4-0E6A-41C8-9CD8-F6BE3A6892DC}"
EndProject
Project("{9A19103F-16F7-4668-BE54-9A1E7A4F7556}") = "DbOrm.AntiUAV", "..\..\DataAccess\DbOrm.AntiUAV\DbOrm.AntiUAV.csproj", "{80B56D2E-3CFA-45E8-9ACF-238E69866F12}"
EndProject
Project("{9A19103F-16F7-4668-BE54-9A1E7A4F7556}") = "DbOrm", "..\..\DataAccess\DbOrm\DbOrm.csproj", "{447F3B3B-9908-4E06-A9B5-E79FAD38DD92}"
EndProject
Project("{9A19103F-16F7-4668-BE54-9A1E7A4F7556}") = "AntiUAV.DevicePlugin.ProbeD01", "AntiUAV.DeviceServer.Plugin\AntiUAV.DevicePlugin.ProbeD01\AntiUAV.DevicePlugin.ProbeD01.csproj", "{E908DDD7-30D5-4FB4-B2BF-FBBF2A836460}"
EndProject
Project("{9A19103F-16F7-4668-BE54-9A1E7A4F7556}") = "AntiUAV.DevicePlugin.Obstruct03", "AntiUAV.DeviceServer.Plugin\AntiUAV.DevicePlugin.Obstruct03\AntiUAV.DevicePlugin.Obstruct03.csproj", "{FA49061A-DDC8-4327-A7CF-71146A22BC2C}"
EndProject
Project("{9A19103F-16F7-4668-BE54-9A1E7A4F7556}") = "AntiUAV.DevicePlugin.Obstruct02", "AntiUAV.DeviceServer.Plugin\AntiUAV.DevicePlugin.Obstruct02\AntiUAV.DevicePlugin.Obstruct02.csproj", "{5867C143-7E1E-4521-BF31-EF881BFC90F1}"
EndProject
Project("{9A19103F-16F7-4668-BE54-9A1E7A4F7556}") = "AntiUAV.DevicePlugin.Obstruct05", "AntiUAV.DeviceServer.Plugin\AntiUAV.DevicePlugin.Obstruct05\AntiUAV.DevicePlugin.Obstruct05.csproj", "{345A1C12-D63E-4C6D-8B87-52D2D28F7BD0}"
EndProject
Project("{9A19103F-16F7-4668-BE54-9A1E7A4F7556}") = "AntiUAV.DevicePlugin.Obstruct04", "AntiUAV.DeviceServer.Plugin\AntiUAV.DevicePlugin.Obstruct04\AntiUAV.DevicePlugin.Obstruct04.csproj", "{1E568E86-CE2B-4C65-A152-C4A0BB3E6B21}"
EndProject
Project("{9A19103F-16F7-4668-BE54-9A1E7A4F7556}") = "AntiUAV.DevicePlugin.Obstruct06", "AntiUAV.DeviceServer.Plugin\AntiUAV.DevicePlugin.Obstruct06\AntiUAV.DevicePlugin.Obstruct06.csproj", "{3ABC0569-467C-4965-ADA7-551FA1069F47}"
EndProject
Project("{9A19103F-16F7-4668-BE54-9A1E7A4F7556}") = "AntiUAV.DevicePlugin.AirSwitch02", "AntiUAV.DeviceServer.Plugin\AntiUAV.DevicePlugin.AirSwitch02\AntiUAV.DevicePlugin.AirSwitch02.csproj", "{5CCF6581-AE5E-4F26-9170-F672D1E8F0D6}"
EndProject
Project("{9A19103F-16F7-4668-BE54-9A1E7A4F7556}") = "AntiUAV.DevicePlugin.ProbeP04", "AntiUAV.DeviceServer.Plugin\AntiUAV.DevicePlugin.ProbeP04\AntiUAV.DevicePlugin.ProbeP04.csproj", "{36F56DBD-7154-4D1F-839D-29ECCFA27425}"
EndProject
Project("{9A19103F-16F7-4668-BE54-9A1E7A4F7556}") = "AntiUAV.DevicePlugin.MonitorP13", "AntiUAV.DeviceServer.Plugin\AntiUAV.DevicePlugin.MonitorP13\AntiUAV.DevicePlugin.MonitorP13.csproj", "{1AD00BC0-63D1-4E8D-B8E0-D324D4A89FB5}"
EndProject
Global
	GlobalSection(SolutionConfigurationPlatforms) = preSolution
		Debug|Any CPU = Debug|Any CPU
		Release|Any CPU = Release|Any CPU
	EndGlobalSection
	GlobalSection(ProjectConfigurationPlatforms) = postSolution
		{16892CE5-F962-48D7-85C0-EEB5C7402E99}.Debug|Any CPU.ActiveCfg = Debug|Any CPU
		{16892CE5-F962-48D7-85C0-EEB5C7402E99}.Debug|Any CPU.Build.0 = Debug|Any CPU
		{16892CE5-F962-48D7-85C0-EEB5C7402E99}.Release|Any CPU.ActiveCfg = Release|Any CPU
		{16892CE5-F962-48D7-85C0-EEB5C7402E99}.Release|Any CPU.Build.0 = Release|Any CPU
		{71B3F871-ED37-424B-B430-9F0E2E81534D}.Debug|Any CPU.ActiveCfg = Debug|Any CPU
		{71B3F871-ED37-424B-B430-9F0E2E81534D}.Debug|Any CPU.Build.0 = Debug|Any CPU
		{71B3F871-ED37-424B-B430-9F0E2E81534D}.Release|Any CPU.ActiveCfg = Release|Any CPU
		{71B3F871-ED37-424B-B430-9F0E2E81534D}.Release|Any CPU.Build.0 = Release|Any CPU
		{DEFB2FF5-EDCE-460E-AEAC-A809BA5C7E89}.Debug|Any CPU.ActiveCfg = Debug|Any CPU
		{DEFB2FF5-EDCE-460E-AEAC-A809BA5C7E89}.Debug|Any CPU.Build.0 = Debug|Any CPU
		{DEFB2FF5-EDCE-460E-AEAC-A809BA5C7E89}.Release|Any CPU.ActiveCfg = Release|Any CPU
		{DEFB2FF5-EDCE-460E-AEAC-A809BA5C7E89}.Release|Any CPU.Build.0 = Release|Any CPU
		{E1CDB9DC-B2E8-4EE7-9C22-79B04558250B}.Debug|Any CPU.ActiveCfg = Debug|Any CPU
		{E1CDB9DC-B2E8-4EE7-9C22-79B04558250B}.Debug|Any CPU.Build.0 = Debug|Any CPU
		{E1CDB9DC-B2E8-4EE7-9C22-79B04558250B}.Release|Any CPU.ActiveCfg = Release|Any CPU
		{E1CDB9DC-B2E8-4EE7-9C22-79B04558250B}.Release|Any CPU.Build.0 = Release|Any CPU
		{A01AB213-B9F7-49E6-9A51-57515E3080E7}.Debug|Any CPU.ActiveCfg = Debug|Any CPU
		{A01AB213-B9F7-49E6-9A51-57515E3080E7}.Debug|Any CPU.Build.0 = Debug|Any CPU
		{A01AB213-B9F7-49E6-9A51-57515E3080E7}.Release|Any CPU.ActiveCfg = Release|Any CPU
		{A01AB213-B9F7-49E6-9A51-57515E3080E7}.Release|Any CPU.Build.0 = Release|Any CPU
		{7BC0EA3B-91A4-4BD2-961A-2E453FC4B9E8}.Debug|Any CPU.ActiveCfg = Debug|Any CPU
		{7BC0EA3B-91A4-4BD2-961A-2E453FC4B9E8}.Debug|Any CPU.Build.0 = Debug|Any CPU
		{7BC0EA3B-91A4-4BD2-961A-2E453FC4B9E8}.Release|Any CPU.ActiveCfg = Release|Any CPU
		{7BC0EA3B-91A4-4BD2-961A-2E453FC4B9E8}.Release|Any CPU.Build.0 = Release|Any CPU
		{EC5709D4-0E6A-41C8-9CD8-F6BE3A6892DC}.Debug|Any CPU.ActiveCfg = Debug|Any CPU
		{EC5709D4-0E6A-41C8-9CD8-F6BE3A6892DC}.Debug|Any CPU.Build.0 = Debug|Any CPU
		{EC5709D4-0E6A-41C8-9CD8-F6BE3A6892DC}.Release|Any CPU.ActiveCfg = Release|Any CPU
		{EC5709D4-0E6A-41C8-9CD8-F6BE3A6892DC}.Release|Any CPU.Build.0 = Release|Any CPU
		{80B56D2E-3CFA-45E8-9ACF-238E69866F12}.Debug|Any CPU.ActiveCfg = Debug|Any CPU
		{80B56D2E-3CFA-45E8-9ACF-238E69866F12}.Debug|Any CPU.Build.0 = Debug|Any CPU
		{80B56D2E-3CFA-45E8-9ACF-238E69866F12}.Release|Any CPU.ActiveCfg = Release|Any CPU
		{80B56D2E-3CFA-45E8-9ACF-238E69866F12}.Release|Any CPU.Build.0 = Release|Any CPU
		{447F3B3B-9908-4E06-A9B5-E79FAD38DD92}.Debug|Any CPU.ActiveCfg = Debug|Any CPU
		{447F3B3B-9908-4E06-A9B5-E79FAD38DD92}.Debug|Any CPU.Build.0 = Debug|Any CPU
		{447F3B3B-9908-4E06-A9B5-E79FAD38DD92}.Release|Any CPU.ActiveCfg = Release|Any CPU
		{447F3B3B-9908-4E06-A9B5-E79FAD38DD92}.Release|Any CPU.Build.0 = Release|Any CPU
		{E908DDD7-30D5-4FB4-B2BF-FBBF2A836460}.Debug|Any CPU.ActiveCfg = Debug|Any CPU
		{E908DDD7-30D5-4FB4-B2BF-FBBF2A836460}.Debug|Any CPU.Build.0 = Debug|Any CPU
		{E908DDD7-30D5-4FB4-B2BF-FBBF2A836460}.Release|Any CPU.ActiveCfg = Release|Any CPU
		{E908DDD7-30D5-4FB4-B2BF-FBBF2A836460}.Release|Any CPU.Build.0 = Release|Any CPU
		{FA49061A-DDC8-4327-A7CF-71146A22BC2C}.Debug|Any CPU.ActiveCfg = Debug|Any CPU
		{FA49061A-DDC8-4327-A7CF-71146A22BC2C}.Debug|Any CPU.Build.0 = Debug|Any CPU
		{FA49061A-DDC8-4327-A7CF-71146A22BC2C}.Release|Any CPU.ActiveCfg = Release|Any CPU
		{FA49061A-DDC8-4327-A7CF-71146A22BC2C}.Release|Any CPU.Build.0 = Release|Any CPU
		{5867C143-7E1E-4521-BF31-EF881BFC90F1}.Debug|Any CPU.ActiveCfg = Debug|Any CPU
		{5867C143-7E1E-4521-BF31-EF881BFC90F1}.Debug|Any CPU.Build.0 = Debug|Any CPU
		{5867C143-7E1E-4521-BF31-EF881BFC90F1}.Release|Any CPU.ActiveCfg = Release|Any CPU
		{5867C143-7E1E-4521-BF31-EF881BFC90F1}.Release|Any CPU.Build.0 = Release|Any CPU
		{345A1C12-D63E-4C6D-8B87-52D2D28F7BD0}.Debug|Any CPU.ActiveCfg = Debug|Any CPU
		{345A1C12-D63E-4C6D-8B87-52D2D28F7BD0}.Debug|Any CPU.Build.0 = Debug|Any CPU
		{345A1C12-D63E-4C6D-8B87-52D2D28F7BD0}.Release|Any CPU.ActiveCfg = Release|Any CPU
		{345A1C12-D63E-4C6D-8B87-52D2D28F7BD0}.Release|Any CPU.Build.0 = Release|Any CPU
		{1E568E86-CE2B-4C65-A152-C4A0BB3E6B21}.Debug|Any CPU.ActiveCfg = Debug|Any CPU
		{1E568E86-CE2B-4C65-A152-C4A0BB3E6B21}.Debug|Any CPU.Build.0 = Debug|Any CPU
		{1E568E86-CE2B-4C65-A152-C4A0BB3E6B21}.Release|Any CPU.ActiveCfg = Release|Any CPU
		{1E568E86-CE2B-4C65-A152-C4A0BB3E6B21}.Release|Any CPU.Build.0 = Release|Any CPU
		{3ABC0569-467C-4965-ADA7-551FA1069F47}.Debug|Any CPU.ActiveCfg = Debug|Any CPU
		{3ABC0569-467C-4965-ADA7-551FA1069F47}.Debug|Any CPU.Build.0 = Debug|Any CPU
		{3ABC0569-467C-4965-ADA7-551FA1069F47}.Release|Any CPU.ActiveCfg = Release|Any CPU
		{3ABC0569-467C-4965-ADA7-551FA1069F47}.Release|Any CPU.Build.0 = Release|Any CPU
		{5CCF6581-AE5E-4F26-9170-F672D1E8F0D6}.Debug|Any CPU.ActiveCfg = Debug|Any CPU
		{5CCF6581-AE5E-4F26-9170-F672D1E8F0D6}.Debug|Any CPU.Build.0 = Debug|Any CPU
		{5CCF6581-AE5E-4F26-9170-F672D1E8F0D6}.Release|Any CPU.ActiveCfg = Release|Any CPU
		{5CCF6581-AE5E-4F26-9170-F672D1E8F0D6}.Release|Any CPU.Build.0 = Release|Any CPU
		{36F56DBD-7154-4D1F-839D-29ECCFA27425}.Debug|Any CPU.ActiveCfg = Debug|Any CPU
		{36F56DBD-7154-4D1F-839D-29ECCFA27425}.Debug|Any CPU.Build.0 = Debug|Any CPU
		{36F56DBD-7154-4D1F-839D-29ECCFA27425}.Release|Any CPU.ActiveCfg = Release|Any CPU
		{36F56DBD-7154-4D1F-839D-29ECCFA27425}.Release|Any CPU.Build.0 = Release|Any CPU
		{1AD00BC0-63D1-4E8D-B8E0-D324D4A89FB5}.Debug|Any CPU.ActiveCfg = Debug|Any CPU
		{1AD00BC0-63D1-4E8D-B8E0-D324D4A89FB5}.Debug|Any CPU.Build.0 = Debug|Any CPU
		{1AD00BC0-63D1-4E8D-B8E0-D324D4A89FB5}.Release|Any CPU.ActiveCfg = Release|Any CPU
		{1AD00BC0-63D1-4E8D-B8E0-D324D4A89FB5}.Release|Any CPU.Build.0 = Release|Any CPU
	EndGlobalSection
	GlobalSection(SolutionProperties) = preSolution
		HideSolutionNode = FALSE
	EndGlobalSection
	GlobalSection(NestedProjects) = preSolution
		{DEFB2FF5-EDCE-460E-AEAC-A809BA5C7E89} = {BA52C0CB-1484-4DD5-8A5F-4AAD7BD36924}
		{E1CDB9DC-B2E8-4EE7-9C22-79B04558250B} = {0FF2E9A8-5FFD-4307-950A-C050ED4E64E6}
		{A01AB213-B9F7-49E6-9A51-57515E3080E7} = {0FF2E9A8-5FFD-4307-950A-C050ED4E64E6}
		{7BC0EA3B-91A4-4BD2-961A-2E453FC4B9E8} = {0FF2E9A8-5FFD-4307-950A-C050ED4E64E6}
		{EC5709D4-0E6A-41C8-9CD8-F6BE3A6892DC} = {BA52C0CB-1484-4DD5-8A5F-4AAD7BD36924}
		{80B56D2E-3CFA-45E8-9ACF-238E69866F12} = {BA52C0CB-1484-4DD5-8A5F-4AAD7BD36924}
		{447F3B3B-9908-4E06-A9B5-E79FAD38DD92} = {BA52C0CB-1484-4DD5-8A5F-4AAD7BD36924}
		{E908DDD7-30D5-4FB4-B2BF-FBBF2A836460} = {0FF2E9A8-5FFD-4307-950A-C050ED4E64E6}
		{FA49061A-DDC8-4327-A7CF-71146A22BC2C} = {0FF2E9A8-5FFD-4307-950A-C050ED4E64E6}
		{5867C143-7E1E-4521-BF31-EF881BFC90F1} = {0FF2E9A8-5FFD-4307-950A-C050ED4E64E6}
		{345A1C12-D63E-4C6D-8B87-52D2D28F7BD0} = {0FF2E9A8-5FFD-4307-950A-C050ED4E64E6}
		{1E568E86-CE2B-4C65-A152-C4A0BB3E6B21} = {0FF2E9A8-5FFD-4307-950A-C050ED4E64E6}
		{3ABC0569-467C-4965-ADA7-551FA1069F47} = {0FF2E9A8-5FFD-4307-950A-C050ED4E64E6}
		{5CCF6581-AE5E-4F26-9170-F672D1E8F0D6} = {0FF2E9A8-5FFD-4307-950A-C050ED4E64E6}
		{36F56DBD-7154-4D1F-839D-29ECCFA27425} = {0FF2E9A8-5FFD-4307-950A-C050ED4E64E6}
		{1AD00BC0-63D1-4E8D-B8E0-D324D4A89FB5} = {0FF2E9A8-5FFD-4307-950A-C050ED4E64E6}
	EndGlobalSection
	GlobalSection(ExtensibilityGlobals) = postSolution
		SolutionGuid = {87C7519E-F105-4694-8AEA-B68EE043185E}
	EndGlobalSection
EndGlobal
